// !$*UTF8*$!
{
	archiveVersion = 1;
	classes = {
	};
	objectVersion = 46;
	objects = {

/* Begin PBXBuildFile section */
		D82443131E4E74100019F610 /* Heart.kite in Resources */ = {isa = PBXBuildFile; fileRef = D82443121E4E74100019F610 /* Heart.kite */; };
		D8E641BB1E4E7285004C150D /* AppDelegate.swift in Sources */ = {isa = PBXBuildFile; fileRef = D8E641BA1E4E7285004C150D /* AppDelegate.swift */; };
		D8E641BD1E4E7285004C150D /* ViewController.swift in Sources */ = {isa = PBXBuildFile; fileRef = D8E641BC1E4E7285004C150D /* ViewController.swift */; };
		D8E641C01E4E7285004C150D /* Main.storyboard in Resources */ = {isa = PBXBuildFile; fileRef = D8E641BE1E4E7285004C150D /* Main.storyboard */; };
		D8E641C21E4E7285004C150D /* Assets.xcassets in Resources */ = {isa = PBXBuildFile; fileRef = D8E641C11E4E7285004C150D /* Assets.xcassets */; };
		D8E641C51E4E7285004C150D /* LaunchScreen.storyboard in Resources */ = {isa = PBXBuildFile; fileRef = D8E641C31E4E7285004C150D /* LaunchScreen.storyboard */; };
		D8F5DD681E511A59008F0ED0 /* KiteKit.framework in Frameworks */ = {isa = PBXBuildFile; fileRef = D8F5DD671E511A59008F0ED0 /* KiteKit.framework */; };
		D8F5DD691E511A59008F0ED0 /* KiteKit.framework in Embed Frameworks */ = {isa = PBXBuildFile; fileRef = D8F5DD671E511A59008F0ED0 /* KiteKit.framework */; settings = {ATTRIBUTES = (CodeSignOnCopy, RemoveHeadersOnCopy, ); }; };
/* End PBXBuildFile section */

/* Begin PBXCopyFilesBuildPhase section */
		D82443101E4E73BD0019F610 /* Embed Frameworks */ = {
			isa = PBXCopyFilesBuildPhase;
			buildActionMask = 2147483647;
			dstPath = "";
			dstSubfolderSpec = 10;
			files = (
				D8F5DD691E511A59008F0ED0 /* KiteKit.framework in Embed Frameworks */,
			);
			name = "Embed Frameworks";
			runOnlyForDeploymentPostprocessing = 0;
		};
/* End PBXCopyFilesBuildPhase section */

/* Begin PBXFileReference section */
		D82443121E4E74100019F610 /* Heart.kite */ = {isa = PBXFileReference; lastKnownFileType = wrapper; name = Heart.kite; path = ../../Heart.kite; sourceTree = "<group>"; };
		D8E641B71E4E7285004C150D /* Simulator-iOSKiteKitExample.app */ = {isa = PBXFileReference; explicitFileType = wrapper.application; includeInIndex = 0; path = "Simulator-iOSKiteKitExample.app"; sourceTree = BUILT_PRODUCTS_DIR; };
		D8E641BA1E4E7285004C150D /* AppDelegate.swift */ = {isa = PBXFileReference; lastKnownFileType = sourcecode.swift; path = AppDelegate.swift; sourceTree = "<group>"; };
		D8E641BC1E4E7285004C150D /* ViewController.swift */ = {isa = PBXFileReference; lastKnownFileType = sourcecode.swift; path = ViewController.swift; sourceTree = "<group>"; };
		D8E641BF1E4E7285004C150D /* Base */ = {isa = PBXFileReference; lastKnownFileType = file.storyboard; name = Base; path = Base.lproj/Main.storyboard; sourceTree = "<group>"; };
		D8E641C11E4E7285004C150D /* Assets.xcassets */ = {isa = PBXFileReference; lastKnownFileType = folder.assetcatalog; path = Assets.xcassets; sourceTree = "<group>"; };
		D8E641C41E4E7285004C150D /* Base */ = {isa = PBXFileReference; lastKnownFileType = file.storyboard; name = Base; path = Base.lproj/LaunchScreen.storyboard; sourceTree = "<group>"; };
		D8E641C61E4E7285004C150D /* Info.plist */ = {isa = PBXFileReference; lastKnownFileType = text.plist.xml; path = Info.plist; sourceTree = "<group>"; };
		D8F5DD671E511A59008F0ED0 /* KiteKit.framework */ = {isa = PBXFileReference; lastKnownFileType = wrapper.framework; path = KiteKit.framework; sourceTree = "<group>"; };
/* End PBXFileReference section */

/* Begin PBXFrameworksBuildPhase section */
		D8E641B41E4E7285004C150D /* Frameworks */ = {
			isa = PBXFrameworksBuildPhase;
			buildActionMask = 2147483647;
			files = (
				D8F5DD681E511A59008F0ED0 /* KiteKit.framework in Frameworks */,
			);
			runOnlyForDeploymentPostprocessing = 0;
		};
/* End PBXFrameworksBuildPhase section */

/* Begin PBXGroup section */
		D82443111E4E73CC0019F610 /* Frameworks */ = {
			isa = PBXGroup;
			children = (
				D8F5DD671E511A59008F0ED0 /* KiteKit.framework */,
			);
			name = Frameworks;
			sourceTree = "<group>";
		};
		D8E641AE1E4E7285004C150D = {
			isa = PBXGroup;
			children = (
				D8E641B91E4E7285004C150D /* Simulator-iOSKiteKitExample */,
				D8E641B81E4E7285004C150D /* Products */,
				D82443111E4E73CC0019F610 /* Frameworks */,
			);
			sourceTree = "<group>";
		};
		D8E641B81E4E7285004C150D /* Products */ = {
			isa = PBXGroup;
			children = (
				D8E641B71E4E7285004C150D /* Simulator-iOSKiteKitExample.app */,
			);
			name = Products;
			sourceTree = "<group>";
		};
		D8E641B91E4E7285004C150D /* Simulator-iOSKiteKitExample */ = {
			isa = PBXGroup;
			children = (
				D82443121E4E74100019F610 /* Heart.kite */,
				D8E641BA1E4E7285004C150D /* AppDelegate.swift */,
				D8E641BC1E4E7285004C150D /* ViewController.swift */,
				D8E641BE1E4E7285004C150D /* Main.storyboard */,
				D8E641C11E4E7285004C150D /* Assets.xcassets */,
				D8E641C31E4E7285004C150D /* LaunchScreen.storyboard */,
				D8E641C61E4E7285004C150D /* Info.plist */,
			);
			path = "Simulator-iOSKiteKitExample";
			sourceTree = "<group>";
		};
/* End PBXGroup section */

/* Begin PBXNativeTarget section */
		D8E641B61E4E7285004C150D /* Simulator-iOSKiteKitExample */ = {
			isa = PBXNativeTarget;
			buildConfigurationList = D8E641C91E4E7285004C150D /* Build configuration list for PBXNativeTarget "Simulator-iOSKiteKitExample" */;
			buildPhases = (
				D8E641B31E4E7285004C150D /* Sources */,
				D8E641B41E4E7285004C150D /* Frameworks */,
				D8E641B51E4E7285004C150D /* Resources */,
				D82443101E4E73BD0019F610 /* Embed Frameworks */,
			);
			buildRules = (
			);
			dependencies = (
			);
			name = "Simulator-iOSKiteKitExample";
			productName = "Simulator-iOSKiteKitExample";
			productReference = D8E641B71E4E7285004C150D /* Simulator-iOSKiteKitExample.app */;
			productType = "com.apple.product-type.application";
		};
/* End PBXNativeTarget section */

/* Begin PBXProject section */
		D8E641AF1E4E7285004C150D /* Project object */ = {
			isa = PBXProject;
			attributes = {
				LastSwiftUpdateCheck = 0820;
				LastUpgradeCheck = 1010;
				ORGANIZATIONNAME = "Joe Rhodes";
				TargetAttributes = {
					D8E641B61E4E7285004C150D = {
						CreatedOnToolsVersion = 8.2.1;
						ProvisioningStyle = Automatic;
					};
				};
			};
			buildConfigurationList = D8E641B21E4E7285004C150D /* Build configuration list for PBXProject "Simulator-iOSKiteKitExample" */;
			compatibilityVersion = "Xcode 3.2";
			developmentRegion = English;
			hasScannedForEncodings = 0;
			knownRegions = (
				en,
				Base,
			);
			mainGroup = D8E641AE1E4E7285004C150D;
			productRefGroup = D8E641B81E4E7285004C150D /* Products */;
			projectDirPath = "";
			projectRoot = "";
			targets = (
				D8E641B61E4E7285004C150D /* Simulator-iOSKiteKitExample */,
			);
		};
/* End PBXProject section */

/* Begin PBXResourcesBuildPhase section */
		D8E641B51E4E7285004C150D /* Resources */ = {
			isa = PBXResourcesBuildPhase;
			buildActionMask = 2147483647;
			files = (
				D8E641C51E4E7285004C150D /* LaunchScreen.storyboard in Resources */,
				D82443131E4E74100019F610 /* Heart.kite in Resources */,
				D8E641C21E4E7285004C150D /* Assets.xcassets in Resources */,
				D8E641C01E4E7285004C150D /* Main.storyboard in Resources */,
			);
			runOnlyForDeploymentPostprocessing = 0;
		};
/* End PBXResourcesBuildPhase section */

/* Begin PBXSourcesBuildPhase section */
		D8E641B31E4E7285004C150D /* Sources */ = {
			isa = PBXSourcesBuildPhase;
			buildActionMask = 2147483647;
			files = (
				D8E641BD1E4E7285004C150D /* ViewController.swift in Sources */,
				D8E641BB1E4E7285004C150D /* AppDelegate.swift in Sources */,
			);
			runOnlyForDeploymentPostprocessing = 0;
		};
/* End PBXSourcesBuildPhase section */

/* Begin PBXVariantGroup section */
		D8E641BE1E4E7285004C150D /* Main.storyboard */ = {
			isa = PBXVariantGroup;
			children = (
				D8E641BF1E4E7285004C150D /* Base */,
			);
			name = Main.storyboard;
			sourceTree = "<group>";
		};
		D8E641C31E4E7285004C150D /* LaunchScreen.storyboard */ = {
			isa = PBXVariantGroup;
			children = (
				D8E641C41E4E7285004C150D /* Base */,
			);
			name = LaunchScreen.storyboard;
			sourceTree = "<group>";
		};
/* End PBXVariantGroup section */

/* Begin XCBuildConfiguration section */
		D8E641C71E4E7285004C150D /* Debug */ = {
			isa = XCBuildConfiguration;
			buildSettings = {
				ALWAYS_SEARCH_USER_PATHS = NO;
				CLANG_ANALYZER_NONNULL = YES;
				CLANG_CXX_LANGUAGE_STANDARD = "gnu++0x";
				CLANG_CXX_LIBRARY = "libc++";
				CLANG_ENABLE_MODULES = YES;
				CLANG_ENABLE_OBJC_ARC = YES;
				CLANG_WARN_BLOCK_CAPTURE_AUTORELEASING = YES;
				CLANG_WARN_BOOL_CONVERSION = YES;
				CLANG_WARN_COMMA = YES;
				CLANG_WARN_CONSTANT_CONVERSION = YES;
				CLANG_WARN_DEPRECATED_OBJC_IMPLEMENTATIONS = YES;
				CLANG_WARN_DIRECT_OBJC_ISA_USAGE = YES_ERROR;
				CLANG_WARN_DOCUMENTATION_COMMENTS = YES;
				CLANG_WARN_EMPTY_BODY = YES;
				CLANG_WARN_ENUM_CONVERSION = YES;
				CLANG_WARN_INFINITE_RECURSION = YES;
				CLANG_WARN_INT_CONVERSION = YES;
				CLANG_WARN_NON_LITERAL_NULL_CONVERSION = YES;
				CLANG_WARN_OBJC_IMPLICIT_RETAIN_SELF = YES;
				CLANG_WARN_OBJC_LITERAL_CONVERSION = YES;
				CLANG_WARN_OBJC_ROOT_CLASS = YES_ERROR;
				CLANG_WARN_RANGE_LOOP_ANALYSIS = YES;
				CLANG_WARN_STRICT_PROTOTYPES = YES;
				CLANG_WARN_SUSPICIOUS_MOVE = YES;
				CLANG_WARN_UNREACHABLE_CODE = YES;
				CLANG_WARN__DUPLICATE_METHOD_MATCH = YES;
				"CODE_SIGN_IDENTITY[sdk=iphoneos*]" = "iPhone Developer";
				COPY_PHASE_STRIP = NO;
				DEBUG_INFORMATION_FORMAT = dwarf;
				ENABLE_STRICT_OBJC_MSGSEND = YES;
				ENABLE_TESTABILITY = YES;
				GCC_C_LANGUAGE_STANDARD = gnu99;
				GCC_DYNAMIC_NO_PIC = NO;
				GCC_NO_COMMON_BLOCKS = YES;
				GCC_OPTIMIZATION_LEVEL = 0;
				GCC_PREPROCESSOR_DEFINITIONS = (
					"DEBUG=1",
					"$(inherited)",
				);
				GCC_WARN_64_TO_32_BIT_CONVERSION = YES;
				GCC_WARN_ABOUT_RETURN_TYPE = YES_ERROR;
				GCC_WARN_UNDECLARED_SELECTOR = YES;
				GCC_WARN_UNINITIALIZED_AUTOS = YES_AGGRESSIVE;
				GCC_WARN_UNUSED_FUNCTION = YES;
				GCC_WARN_UNUSED_VARIABLE = YES;
				IPHONEOS_DEPLOYMENT_TARGET = 10.2;
				MTL_ENABLE_DEBUG_INFO = YES;
				ONLY_ACTIVE_ARCH = YES;
				SDKROOT = iphoneos;
				SWIFT_ACTIVE_COMPILATION_CONDITIONS = DEBUG;
				SWIFT_OPTIMIZATION_LEVEL = "-Onone";
				TARGETED_DEVICE_FAMILY = "1,2";
			};
			name = Debug;
		};
		D8E641C81E4E7285004C150D /* Release */ = {
			isa = XCBuildConfiguration;
			buildSettings = {
				ALWAYS_SEARCH_USER_PATHS = NO;
				CLANG_ANALYZER_NONNULL = YES;
				CLANG_CXX_LANGUAGE_STANDARD = "gnu++0x";
				CLANG_CXX_LIBRARY = "libc++";
				CLANG_ENABLE_MODULES = YES;
				CLANG_ENABLE_OBJC_ARC = YES;
				CLANG_WARN_BLOCK_CAPTURE_AUTORELEASING = YES;
				CLANG_WARN_BOOL_CONVERSION = YES;
				CLANG_WARN_COMMA = YES;
				CLANG_WARN_CONSTANT_CONVERSION = YES;
				CLANG_WARN_DEPRECATED_OBJC_IMPLEMENTATIONS = YES;
				CLANG_WARN_DIRECT_OBJC_ISA_USAGE = YES_ERROR;
				CLANG_WARN_DOCUMENTATION_COMMENTS = YES;
				CLANG_WARN_EMPTY_BODY = YES;
				CLANG_WARN_ENUM_CONVERSION = YES;
				CLANG_WARN_INFINITE_RECURSION = YES;
				CLANG_WARN_INT_CONVERSION = YES;
				CLANG_WARN_NON_LITERAL_NULL_CONVERSION = YES;
				CLANG_WARN_OBJC_IMPLICIT_RETAIN_SELF = YES;
				CLANG_WARN_OBJC_LITERAL_CONVERSION = YES;
				CLANG_WARN_OBJC_ROOT_CLASS = YES_ERROR;
				CLANG_WARN_RANGE_LOOP_ANALYSIS = YES;
				CLANG_WARN_STRICT_PROTOTYPES = YES;
				CLANG_WARN_SUSPICIOUS_MOVE = YES;
				CLANG_WARN_UNREACHABLE_CODE = YES;
				CLANG_WARN__DUPLICATE_METHOD_MATCH = YES;
				"CODE_SIGN_IDENTITY[sdk=iphoneos*]" = "iPhone Developer";
				COPY_PHASE_STRIP = NO;
				DEBUG_INFORMATION_FORMAT = "dwarf-with-dsym";
				ENABLE_NS_ASSERTIONS = NO;
				ENABLE_STRICT_OBJC_MSGSEND = YES;
				GCC_C_LANGUAGE_STANDARD = gnu99;
				GCC_NO_COMMON_BLOCKS = YES;
				GCC_WARN_64_TO_32_BIT_CONVERSION = YES;
				GCC_WARN_ABOUT_RETURN_TYPE = YES_ERROR;
				GCC_WARN_UNDECLARED_SELECTOR = YES;
				GCC_WARN_UNINITIALIZED_AUTOS = YES_AGGRESSIVE;
				GCC_WARN_UNUSED_FUNCTION = YES;
				GCC_WARN_UNUSED_VARIABLE = YES;
				IPHONEOS_DEPLOYMENT_TARGET = 10.2;
				MTL_ENABLE_DEBUG_INFO = NO;
				SDKROOT = iphoneos;
				SWIFT_OPTIMIZATION_LEVEL = "-Owholemodule";
				TARGETED_DEVICE_FAMILY = "1,2";
				VALIDATE_PRODUCT = YES;
			};
			name = Release;
		};
		D8E641CA1E4E7285004C150D /* Debug */ = {
			isa = XCBuildConfiguration;
			buildSettings = {
				ASSETCATALOG_COMPILER_APPICON_NAME = AppIcon;
				FRAMEWORK_SEARCH_PATHS = (
					"$(inherited)",
					"$(PROJECT_DIR)",
				);
				INFOPLIST_FILE = "Simulator-iOSKiteKitExample/Info.plist";
				LD_RUNPATH_SEARCH_PATHS = "$(inherited) @executable_path/Frameworks";
				PRODUCT_BUNDLE_IDENTIFIER = "co.kiteapp.Simulator-iOSKiteKitExample";
				PRODUCT_NAME = "$(TARGET_NAME)";
				SWIFT_OPTIMIZATION_LEVEL = "-Owholemodule";
				SWIFT_VERSION = 4.2;
			};
			name = Debug;
		};
		D8E641CB1E4E7285004C150D /* Release */ = {
			isa = XCBuildConfiguration;
			buildSettings = {
				ASSETCATALOG_COMPILER_APPICON_NAME = AppIcon;
				FRAMEWORK_SEARCH_PATHS = (
					"$(inherited)",
					"$(PROJECT_DIR)",
				);
				INFOPLIST_FILE = "Simulator-iOSKiteKitExample/Info.plist";
				LD_RUNPATH_SEARCH_PATHS = "$(inherited) @executable_path/Frameworks";
				PRODUCT_BUNDLE_IDENTIFIER = "co.kiteapp.Simulator-iOSKiteKitExample";
				PRODUCT_NAME = "$(TARGET_NAME)";
				SWIFT_VERSION = 4.2;
			};
			name = Release;
		};
/* End XCBuildConfiguration section */

/* Begin XCConfigurationList section */
		D8E641B21E4E7285004C150D /* Build configuration list for PBXProject "Simulator-iOSKiteKitExample" */ = {
			isa = XCConfigurationList;
			buildConfigurations = (
				D8E641C71E4E7285004C150D /* Debug */,
				D8E641C81E4E7285004C150D /* Release */,
			);
			defaultConfigurationIsVisible = 0;
			defaultConfigurationName = Release;
		};
		D8E641C91E4E7285004C150D /* Build configuration list for PBXNativeTarget "Simulator-iOSKiteKitExample" */ = {
			isa = XCConfigurationList;
			buildConfigurations = (
				D8E641CA1E4E7285004C150D /* Debug */,
				D8E641CB1E4E7285004C150D /* Release */,
			);
			defaultConfigurationIsVisible = 0;
			defaultConfigurationName = Release;
		};
/* End XCConfigurationList section */
	};
	rootObject = D8E641AF1E4E7285004C150D /* Project object */;
}
